
Microsoft Visual Studio Solution File, Format Version 12.00
# Visual Studio Version 16
VisualStudioVersion = 16.0.30907.101
MinimumVisualStudioVersion = 10.0.40219.1
Project("{FAE04EC0-301F-11D3-BF4B-00C04F79EFBC}") = "SDK_Test", "SDK_Test\SDK_Test.csproj", "{DD519B97-BBF1-4B9D-9A74-B2890997F64A}"
EndProject
Project("{FAE04EC0-301F-11D3-BF4B-00C04F79EFBC}") = "SDK", "SDK\SDK.csproj", "{1F02BDEE-5780-4500-815D-9ECB9DADEC3D}"
EndProject
Global
	GlobalSection(SolutionConfigurationPlatforms) = preSolution
		Debug|Any CPU = Debug|Any CPU
		Release|Any CPU = Release|Any CPU
	EndGlobalSection
	GlobalSection(ProjectConfigurationPlatforms) = postSolution
		{DD519B97-BBF1-4B9D-9A74-B2890997F64A}.Debug|Any CPU.ActiveCfg = Debug|Any CPU
		{DD519B97-BBF1-4B9D-9A74-B2890997F64A}.Debug|Any CPU.Build.0 = Debug|Any CPU
		{DD519B97-BBF1-4B9D-9A74-B2890997F64A}.Release|Any CPU.ActiveCfg = Release|Any CPU
		{DD519B97-BBF1-4B9D-9A74-B2890997F64A}.Release|Any CPU.Build.0 = Release|Any CPU
		{1F02BDEE-5780-4500-815D-9ECB9DADEC3D}.Debug|Any CPU.ActiveCfg = Debug|Any CPU
		{1F02BDEE-5780-4500-815D-9ECB9DADEC3D}.Debug|Any CPU.Build.0 = Debug|Any CPU
		{1F02BDEE-5780-4500-815D-9ECB9DADEC3D}.Release|Any CPU.ActiveCfg = Release|Any CPU
		{1F02BDEE-5780-4500-815D-9ECB9DADEC3D}.Release|Any CPU.Build.0 = Release|Any CPU
	EndGlobalSection
	GlobalSection(SolutionProperties) = preSolution
		HideSolutionNode = FALSE
	EndGlobalSection
	GlobalSection(ExtensibilityGlobals) = postSolution
		SolutionGuid = {FD701D55-FB1D-47C5-B8EC-6BFFA6408D50}
	EndGlobalSection
EndGlobal
